PODS:
  - Mantle (2.0.7):
    - Mantle/extobjc (= 2.0.7)
  - Mantle/extobjc (2.0.7)
  - ReactiveCocoa (2.5):
    - ReactiveCocoa/UI (= 2.5)
  - ReactiveCocoa/Core (2.5):
    - ReactiveCocoa/no-arc
  - ReactiveCocoa/no-arc (2.5)
  - ReactiveCocoa/UI (2.5):
    - ReactiveCocoa/Core

DEPENDENCIES:
  - Mantle
  - ReactiveCocoa (~> 2.5)

SPEC CHECKSUMS:
  Mantle: bc40bb061d8c2c6fb48d5083e04d928c3b7f73d9
  ReactiveCocoa: e2db045570aa97c695e7aa97c2bcab222ae51f4a

COCOAPODS: 0.39.0
